// !$*UTF8*$!
{
	archiveVersion = 1;
	classes = {
	};
	objectVersion = 50;
	objects = {

/* Begin PBXBuildFile section */
		2E0A2CC225CAEC75006D6545 /* Player+CoreDataClass.swift in Sources */ = {isa = PBXBuildFile; fileRef = 2E0A2CBE25CAEC75006D6545 /* Player+CoreDataClass.swift */; };
		2E0A2CC325CAEC75006D6545 /* Player+CoreDataProperties.swift in Sources */ = {isa = PBXBuildFile; fileRef = 2E0A2CBF25CAEC75006D6545 /* Player+CoreDataProperties.swift */; };
		2E0A2CC425CAEC75006D6545 /* Team+CoreDataClass.swift in Sources */ = {isa = PBXBuildFile; fileRef = 2E0A2CC025CAEC75006D6545 /* Team+CoreDataClass.swift */; };
		2E0A2CC525CAEC75006D6545 /* Team+CoreDataProperties.swift in Sources */ = {isa = PBXBuildFile; fileRef = 2E0A2CC125CAEC75006D6545 /* Team+CoreDataProperties.swift */; };
		2E0A2CCC25CAECA1006D6545 /* GuessTheTeam.xcdatamodeld in Resources */ = {isa = PBXBuildFile; fileRef = 2EEE181B25CAE5E9003926DE /* GuessTheTeam.xcdatamodeld */; };
		2E0A2CD125CAECC5006D6545 /* DatabaseController.swift in Sources */ = {isa = PBXBuildFile; fileRef = 2E0A2CD025CAECC5006D6545 /* DatabaseController.swift */; };
		2E0A2CE025CB1C12006D6545 /* FieldPresenter.swift in Sources */ = {isa = PBXBuildFile; fileRef = 2E0A2CDF25CB1C12006D6545 /* FieldPresenter.swift */; };
		2E0A2CE925CB2835006D6545 /* FieldView.swift in Sources */ = {isa = PBXBuildFile; fileRef = 2E0A2CE825CB2835006D6545 /* FieldView.swift */; };
		2E0A2CF125CB2E5E006D6545 /* PlayerView.swift in Sources */ = {isa = PBXBuildFile; fileRef = 2E0A2CF025CB2E5E006D6545 /* PlayerView.swift */; };
		2E0A2CF625CB543F006D6545 /* DataCodable.swift in Sources */ = {isa = PBXBuildFile; fileRef = 2E0A2CF525CB543F006D6545 /* DataCodable.swift */; };
		2E0A2D0D25CB5F11006D6545 /* api.json in Resources */ = {isa = PBXBuildFile; fileRef = 2E0A2D0C25CB5F11006D6545 /* api.json */; };
		2E0A2D3025CC28E4006D6545 /* Righteous-Regular.ttf in Resources */ = {isa = PBXBuildFile; fileRef = 2E0A2D2F25CC28E4006D6545 /* Righteous-Regular.ttf */; };
		2EEE181325CAE5E9003926DE /* AppDelegate.swift in Sources */ = {isa = PBXBuildFile; fileRef = 2EEE181225CAE5E9003926DE /* AppDelegate.swift */; };
		2EEE181525CAE5E9003926DE /* SceneDelegate.swift in Sources */ = {isa = PBXBuildFile; fileRef = 2EEE181425CAE5E9003926DE /* SceneDelegate.swift */; };
		2EEE181725CAE5E9003926DE /* FieldController.swift in Sources */ = {isa = PBXBuildFile; fileRef = 2EEE181625CAE5E9003926DE /* FieldController.swift */; };
		2EEE181F25CAE5EA003926DE /* Assets.xcassets in Resources */ = {isa = PBXBuildFile; fileRef = 2EEE181E25CAE5EA003926DE /* Assets.xcassets */; };
		2EEE182225CAE5EA003926DE /* LaunchScreen.storyboard in Resources */ = {isa = PBXBuildFile; fileRef = 2EEE182025CAE5EA003926DE /* LaunchScreen.storyboard */; };
		2EEE182D25CAE5EA003926DE /* GuessTheTeamTests.swift in Sources */ = {isa = PBXBuildFile; fileRef = 2EEE182C25CAE5EA003926DE /* GuessTheTeamTests.swift */; };
		2EEE183825CAE5EA003926DE /* GuessTheTeamUITests.swift in Sources */ = {isa = PBXBuildFile; fileRef = 2EEE183725CAE5EA003926DE /* GuessTheTeamUITests.swift */; };
		2EEE184D25CAE872003926DE /* CustomColors.swift in Sources */ = {isa = PBXBuildFile; fileRef = 2EEE184C25CAE872003926DE /* CustomColors.swift */; };
/* End PBXBuildFile section */

/* Begin PBXContainerItemProxy section */
		2EEE182925CAE5EA003926DE /* PBXContainerItemProxy */ = {
			isa = PBXContainerItemProxy;
			containerPortal = 2EEE180725CAE5E9003926DE /* Project object */;
			proxyType = 1;
			remoteGlobalIDString = 2EEE180E25CAE5E9003926DE;
			remoteInfo = GuessTheTeam;
		};
		2EEE183425CAE5EA003926DE /* PBXContainerItemProxy */ = {
			isa = PBXContainerItemProxy;
			containerPortal = 2EEE180725CAE5E9003926DE /* Project object */;
			proxyType = 1;
			remoteGlobalIDString = 2EEE180E25CAE5E9003926DE;
			remoteInfo = GuessTheTeam;
		};
/* End PBXContainerItemProxy section */

/* Begin PBXFileReference section */
		2E0A2CBE25CAEC75006D6545 /* Player+CoreDataClass.swift */ = {isa = PBXFileReference; lastKnownFileType = sourcecode.swift; path = "Player+CoreDataClass.swift"; sourceTree = "<group>"; };
		2E0A2CBF25CAEC75006D6545 /* Player+CoreDataProperties.swift */ = {isa = PBXFileReference; lastKnownFileType = sourcecode.swift; path = "Player+CoreDataProperties.swift"; sourceTree = "<group>"; };
		2E0A2CC025CAEC75006D6545 /* Team+CoreDataClass.swift */ = {isa = PBXFileReference; lastKnownFileType = sourcecode.swift; path = "Team+CoreDataClass.swift"; sourceTree = "<group>"; };
		2E0A2CC125CAEC75006D6545 /* Team+CoreDataProperties.swift */ = {isa = PBXFileReference; lastKnownFileType = sourcecode.swift; path = "Team+CoreDataProperties.swift"; sourceTree = "<group>"; };
		2E0A2CD025CAECC5006D6545 /* DatabaseController.swift */ = {isa = PBXFileReference; lastKnownFileType = sourcecode.swift; path = DatabaseController.swift; sourceTree = "<group>"; };
		2E0A2CDF25CB1C12006D6545 /* FieldPresenter.swift */ = {isa = PBXFileReference; lastKnownFileType = sourcecode.swift; path = FieldPresenter.swift; sourceTree = "<group>"; };
		2E0A2CE825CB2835006D6545 /* FieldView.swift */ = {isa = PBXFileReference; lastKnownFileType = sourcecode.swift; path = FieldView.swift; sourceTree = "<group>"; };
		2E0A2CF025CB2E5E006D6545 /* PlayerView.swift */ = {isa = PBXFileReference; lastKnownFileType = sourcecode.swift; path = PlayerView.swift; sourceTree = "<group>"; };
		2E0A2CF525CB543F006D6545 /* DataCodable.swift */ = {isa = PBXFileReference; lastKnownFileType = sourcecode.swift; path = DataCodable.swift; sourceTree = "<group>"; };
		2E0A2D0C25CB5F11006D6545 /* api.json */ = {isa = PBXFileReference; lastKnownFileType = text.json; path = api.json; sourceTree = "<group>"; };
		2E0A2D1925CC2341006D6545 /* Righteous-Regular.ttf */ = {isa = PBXFileReference; lastKnownFileType = file; name = "Righteous-Regular.ttf"; path = "../../../../Downloads/Righteous/Righteous-Regular.ttf"; sourceTree = "<group>"; };
		2E0A2D2F25CC28E4006D6545 /* Righteous-Regular.ttf */ = {isa = PBXFileReference; lastKnownFileType = file; name = "Righteous-Regular.ttf"; path = "../../../../Downloads/Righteous/Righteous-Regular.ttf"; sourceTree = "<group>"; };
		2EEE180F25CAE5E9003926DE /* GuessTheTeam.app */ = {isa = PBXFileReference; explicitFileType = wrapper.application; includeInIndex = 0; path = GuessTheTeam.app; sourceTree = BUILT_PRODUCTS_DIR; };
		2EEE181225CAE5E9003926DE /* AppDelegate.swift */ = {isa = PBXFileReference; lastKnownFileType = sourcecode.swift; path = AppDelegate.swift; sourceTree = "<group>"; };
		2EEE181425CAE5E9003926DE /* SceneDelegate.swift */ = {isa = PBXFileReference; lastKnownFileType = sourcecode.swift; path = SceneDelegate.swift; sourceTree = "<group>"; };
		2EEE181625CAE5E9003926DE /* FieldController.swift */ = {isa = PBXFileReference; lastKnownFileType = sourcecode.swift; path = FieldController.swift; sourceTree = "<group>"; };
		2EEE181C25CAE5E9003926DE /* GuessTheTeam.xcdatamodel */ = {isa = PBXFileReference; lastKnownFileType = wrapper.xcdatamodel; path = GuessTheTeam.xcdatamodel; sourceTree = "<group>"; };
		2EEE181E25CAE5EA003926DE /* Assets.xcassets */ = {isa = PBXFileReference; lastKnownFileType = folder.assetcatalog; path = Assets.xcassets; sourceTree = "<group>"; };
		2EEE182125CAE5EA003926DE /* Base */ = {isa = PBXFileReference; lastKnownFileType = file.storyboard; name = Base; path = Base.lproj/LaunchScreen.storyboard; sourceTree = "<group>"; };
		2EEE182325CAE5EA003926DE /* Info.plist */ = {isa = PBXFileReference; lastKnownFileType = text.plist.xml; path = Info.plist; sourceTree = "<group>"; };
		2EEE182825CAE5EA003926DE /* GuessTheTeamTests.xctest */ = {isa = PBXFileReference; explicitFileType = wrapper.cfbundle; includeInIndex = 0; path = GuessTheTeamTests.xctest; sourceTree = BUILT_PRODUCTS_DIR; };
		2EEE182C25CAE5EA003926DE /* GuessTheTeamTests.swift */ = {isa = PBXFileReference; lastKnownFileType = sourcecode.swift; path = GuessTheTeamTests.swift; sourceTree = "<group>"; };
		2EEE182E25CAE5EA003926DE /* Info.plist */ = {isa = PBXFileReference; lastKnownFileType = text.plist.xml; path = Info.plist; sourceTree = "<group>"; };
		2EEE183325CAE5EA003926DE /* GuessTheTeamUITests.xctest */ = {isa = PBXFileReference; explicitFileType = wrapper.cfbundle; includeInIndex = 0; path = GuessTheTeamUITests.xctest; sourceTree = BUILT_PRODUCTS_DIR; };
		2EEE183725CAE5EA003926DE /* GuessTheTeamUITests.swift */ = {isa = PBXFileReference; lastKnownFileType = sourcecode.swift; path = GuessTheTeamUITests.swift; sourceTree = "<group>"; };
		2EEE183925CAE5EA003926DE /* Info.plist */ = {isa = PBXFileReference; lastKnownFileType = text.plist.xml; path = Info.plist; sourceTree = "<group>"; };
		2EEE184C25CAE872003926DE /* CustomColors.swift */ = {isa = PBXFileReference; lastKnownFileType = sourcecode.swift; path = CustomColors.swift; sourceTree = "<group>"; };
/* End PBXFileReference section */

/* Begin PBXFrameworksBuildPhase section */
		2EEE180C25CAE5E9003926DE /* Frameworks */ = {
			isa = PBXFrameworksBuildPhase;
			buildActionMask = 2147483647;
			files = (
			);
			runOnlyForDeploymentPostprocessing = 0;
		};
		2EEE182525CAE5EA003926DE /* Frameworks */ = {
			isa = PBXFrameworksBuildPhase;
			buildActionMask = 2147483647;
			files = (
			);
			runOnlyForDeploymentPostprocessing = 0;
		};
		2EEE183025CAE5EA003926DE /* Frameworks */ = {
			isa = PBXFrameworksBuildPhase;
			buildActionMask = 2147483647;
			files = (
			);
			runOnlyForDeploymentPostprocessing = 0;
		};
/* End PBXFrameworksBuildPhase section */

/* Begin PBXGroup section */
		2E0A2CD525CB1AF9006D6545 /* Model */ = {
			isa = PBXGroup;
			children = (
				2E0A2CBE25CAEC75006D6545 /* Player+CoreDataClass.swift */,
				2E0A2CBF25CAEC75006D6545 /* Player+CoreDataProperties.swift */,
				2E0A2CC025CAEC75006D6545 /* Team+CoreDataClass.swift */,
				2E0A2CC125CAEC75006D6545 /* Team+CoreDataProperties.swift */,
				2E0A2CF525CB543F006D6545 /* DataCodable.swift */,
			);
			path = Model;
			sourceTree = "<group>";
		};
		2E0A2CD925CB1B31006D6545 /* View */ = {
			isa = PBXGroup;
			children = (
				2E0A2CE725CB26DC006D6545 /* Components */,
				2EEE181625CAE5E9003926DE /* FieldController.swift */,
			);
			path = View;
			sourceTree = "<group>";
		};
		2E0A2CDA25CB1B39006D6545 /* Presenter */ = {
			isa = PBXGroup;
			children = (
				2E0A2CDF25CB1C12006D6545 /* FieldPresenter.swift */,
				2E0A2D0C25CB5F11006D6545 /* api.json */,
			);
			path = Presenter;
			sourceTree = "<group>";
		};
		2E0A2CDB25CB1B50006D6545 /* Database */ = {
			isa = PBXGroup;
			children = (
				2EEE181B25CAE5E9003926DE /* GuessTheTeam.xcdatamodeld */,
				2E0A2CD025CAECC5006D6545 /* DatabaseController.swift */,
			);
			path = Database;
			sourceTree = "<group>";
		};
		2E0A2CE725CB26DC006D6545 /* Components */ = {
			isa = PBXGroup;
			children = (
				2E0A2CE825CB2835006D6545 /* FieldView.swift */,
				2E0A2CF025CB2E5E006D6545 /* PlayerView.swift */,
			);
			path = Components;
			sourceTree = "<group>";
		};
		2E0A2D1D25CC27B6006D6545 /* Fonts */ = {
			isa = PBXGroup;
			children = (
				2E0A2D2F25CC28E4006D6545 /* Righteous-Regular.ttf */,
			);
			path = Fonts;
			sourceTree = "<group>";
		};
		2EEE180625CAE5E9003926DE = {
			isa = PBXGroup;
			children = (
				2EEE181125CAE5E9003926DE /* GuessTheTeam */,
				2EEE182B25CAE5EA003926DE /* GuessTheTeamTests */,
				2EEE183625CAE5EA003926DE /* GuessTheTeamUITests */,
				2EEE181025CAE5E9003926DE /* Products */,
			);
			sourceTree = "<group>";
		};
		2EEE181025CAE5E9003926DE /* Products */ = {
			isa = PBXGroup;
			children = (
				2EEE180F25CAE5E9003926DE /* GuessTheTeam.app */,
				2EEE182825CAE5EA003926DE /* GuessTheTeamTests.xctest */,
				2EEE183325CAE5EA003926DE /* GuessTheTeamUITests.xctest */,
			);
			name = Products;
			sourceTree = "<group>";
		};
		2EEE181125CAE5E9003926DE /* GuessTheTeam */ = {
			isa = PBXGroup;
			children = (
				2E0A2D1D25CC27B6006D6545 /* Fonts */,
				2E0A2CDB25CB1B50006D6545 /* Database */,
				2E0A2CDA25CB1B39006D6545 /* Presenter */,
				2E0A2CD925CB1B31006D6545 /* View */,
				2E0A2CD525CB1AF9006D6545 /* Model */,
				2EEE184B25CAE861003926DE /* Assets */,
				2EEE181225CAE5E9003926DE /* AppDelegate.swift */,
				2EEE181425CAE5E9003926DE /* SceneDelegate.swift */,
				2EEE182025CAE5EA003926DE /* LaunchScreen.storyboard */,
				2EEE182325CAE5EA003926DE /* Info.plist */,
			);
			path = GuessTheTeam;
			sourceTree = "<group>";
		};
		2EEE182B25CAE5EA003926DE /* GuessTheTeamTests */ = {
			isa = PBXGroup;
			children = (
				2EEE182C25CAE5EA003926DE /* GuessTheTeamTests.swift */,
				2EEE182E25CAE5EA003926DE /* Info.plist */,
			);
			path = GuessTheTeamTests;
			sourceTree = "<group>";
		};
		2EEE183625CAE5EA003926DE /* GuessTheTeamUITests */ = {
			isa = PBXGroup;
			children = (
				2EEE183725CAE5EA003926DE /* GuessTheTeamUITests.swift */,
				2EEE183925CAE5EA003926DE /* Info.plist */,
			);
			path = GuessTheTeamUITests;
			sourceTree = "<group>";
		};
		2EEE184B25CAE861003926DE /* Assets */ = {
			isa = PBXGroup;
			children = (
				2E0A2D1925CC2341006D6545 /* Righteous-Regular.ttf */,
				2EEE181E25CAE5EA003926DE /* Assets.xcassets */,
				2EEE184C25CAE872003926DE /* CustomColors.swift */,
			);
			path = Assets;
			sourceTree = "<group>";
		};
/* End PBXGroup section */

/* Begin PBXNativeTarget section */
		2EEE180E25CAE5E9003926DE /* GuessTheTeam */ = {
			isa = PBXNativeTarget;
			buildConfigurationList = 2EEE183C25CAE5EA003926DE /* Build configuration list for PBXNativeTarget "GuessTheTeam" */;
			buildPhases = (
				2EEE180B25CAE5E9003926DE /* Sources */,
				2EEE180C25CAE5E9003926DE /* Frameworks */,
				2EEE180D25CAE5E9003926DE /* Resources */,
			);
			buildRules = (
			);
			dependencies = (
			);
			name = GuessTheTeam;
			productName = GuessTheTeam;
			productReference = 2EEE180F25CAE5E9003926DE /* GuessTheTeam.app */;
			productType = "com.apple.product-type.application";
		};
		2EEE182725CAE5EA003926DE /* GuessTheTeamTests */ = {
			isa = PBXNativeTarget;
			buildConfigurationList = 2EEE183F25CAE5EA003926DE /* Build configuration list for PBXNativeTarget "GuessTheTeamTests" */;
			buildPhases = (
				2EEE182425CAE5EA003926DE /* Sources */,
				2EEE182525CAE5EA003926DE /* Frameworks */,
				2EEE182625CAE5EA003926DE /* Resources */,
			);
			buildRules = (
			);
			dependencies = (
				2EEE182A25CAE5EA003926DE /* PBXTargetDependency */,
			);
			name = GuessTheTeamTests;
			productName = GuessTheTeamTests;
			productReference = 2EEE182825CAE5EA003926DE /* GuessTheTeamTests.xctest */;
			productType = "com.apple.product-type.bundle.unit-test";
		};
		2EEE183225CAE5EA003926DE /* GuessTheTeamUITests */ = {
			isa = PBXNativeTarget;
			buildConfigurationList = 2EEE184225CAE5EA003926DE /* Build configuration list for PBXNativeTarget "GuessTheTeamUITests" */;
			buildPhases = (
				2EEE182F25CAE5EA003926DE /* Sources */,
				2EEE183025CAE5EA003926DE /* Frameworks */,
				2EEE183125CAE5EA003926DE /* Resources */,
			);
			buildRules = (
			);
			dependencies = (
				2EEE183525CAE5EA003926DE /* PBXTargetDependency */,
			);
			name = GuessTheTeamUITests;
			productName = GuessTheTeamUITests;
			productReference = 2EEE183325CAE5EA003926DE /* GuessTheTeamUITests.xctest */;
			productType = "com.apple.product-type.bundle.ui-testing";
		};
/* End PBXNativeTarget section */

/* Begin PBXProject section */
		2EEE180725CAE5E9003926DE /* Project object */ = {
			isa = PBXProject;
			attributes = {
				LastSwiftUpdateCheck = 1240;
				LastUpgradeCheck = 1240;
				TargetAttributes = {
					2EEE180E25CAE5E9003926DE = {
						CreatedOnToolsVersion = 12.4;
					};
					2EEE182725CAE5EA003926DE = {
						CreatedOnToolsVersion = 12.4;
						TestTargetID = 2EEE180E25CAE5E9003926DE;
					};
					2EEE183225CAE5EA003926DE = {
						CreatedOnToolsVersion = 12.4;
						TestTargetID = 2EEE180E25CAE5E9003926DE;
					};
				};
			};
			buildConfigurationList = 2EEE180A25CAE5E9003926DE /* Build configuration list for PBXProject "GuessTheTeam" */;
			compatibilityVersion = "Xcode 9.3";
			developmentRegion = en;
			hasScannedForEncodings = 0;
			knownRegions = (
				en,
				Base,
			);
			mainGroup = 2EEE180625CAE5E9003926DE;
			productRefGroup = 2EEE181025CAE5E9003926DE /* Products */;
			projectDirPath = "";
			projectRoot = "";
			targets = (
				2EEE180E25CAE5E9003926DE /* GuessTheTeam */,
				2EEE182725CAE5EA003926DE /* GuessTheTeamTests */,
				2EEE183225CAE5EA003926DE /* GuessTheTeamUITests */,
			);
		};
/* End PBXProject section */

/* Begin PBXResourcesBuildPhase section */
		2EEE180D25CAE5E9003926DE /* Resources */ = {
			isa = PBXResourcesBuildPhase;
			buildActionMask = 2147483647;
			files = (
				2E0A2CCC25CAECA1006D6545 /* GuessTheTeam.xcdatamodeld in Resources */,
				2EEE182225CAE5EA003926DE /* LaunchScreen.storyboard in Resources */,
				2E0A2D3025CC28E4006D6545 /* Righteous-Regular.ttf in Resources */,
				2E0A2D0D25CB5F11006D6545 /* api.json in Resources */,
				2EEE181F25CAE5EA003926DE /* Assets.xcassets in Resources */,
			);
			runOnlyForDeploymentPostprocessing = 0;
		};
		2EEE182625CAE5EA003926DE /* Resources */ = {
			isa = PBXResourcesBuildPhase;
			buildActionMask = 2147483647;
			files = (
			);
			runOnlyForDeploymentPostprocessing = 0;
		};
		2EEE183125CAE5EA003926DE /* Resources */ = {
			isa = PBXResourcesBuildPhase;
			buildActionMask = 2147483647;
			files = (
			);
			runOnlyForDeploymentPostprocessing = 0;
		};
/* End PBXResourcesBuildPhase section */

/* Begin PBXSourcesBuildPhase section */
		2EEE180B25CAE5E9003926DE /* Sources */ = {
			isa = PBXSourcesBuildPhase;
			buildActionMask = 2147483647;
			files = (
				2E0A2CC225CAEC75006D6545 /* Player+CoreDataClass.swift in Sources */,
				2EEE184D25CAE872003926DE /* CustomColors.swift in Sources */,
				2E0A2CC525CAEC75006D6545 /* Team+CoreDataProperties.swift in Sources */,
				2E0A2CF125CB2E5E006D6545 /* PlayerView.swift in Sources */,
				2E0A2CC325CAEC75006D6545 /* Player+CoreDataProperties.swift in Sources */,
				2EEE181725CAE5E9003926DE /* FieldController.swift in Sources */,
				2E0A2CD125CAECC5006D6545 /* DatabaseController.swift in Sources */,
				2EEE181325CAE5E9003926DE /* AppDelegate.swift in Sources */,
				2E0A2CF625CB543F006D6545 /* DataCodable.swift in Sources */,
				2E0A2CE025CB1C12006D6545 /* FieldPresenter.swift in Sources */,
				2E0A2CC425CAEC75006D6545 /* Team+CoreDataClass.swift in Sources */,
				2EEE181525CAE5E9003926DE /* SceneDelegate.swift in Sources */,
				2E0A2CE925CB2835006D6545 /* FieldView.swift in Sources */,
			);
			runOnlyForDeploymentPostprocessing = 0;
		};
		2EEE182425CAE5EA003926DE /* Sources */ = {
			isa = PBXSourcesBuildPhase;
			buildActionMask = 2147483647;
			files = (
				2EEE182D25CAE5EA003926DE /* GuessTheTeamTests.swift in Sources */,
			);
			runOnlyForDeploymentPostprocessing = 0;
		};
		2EEE182F25CAE5EA003926DE /* Sources */ = {
			isa = PBXSourcesBuildPhase;
			buildActionMask = 2147483647;
			files = (
				2EEE183825CAE5EA003926DE /* GuessTheTeamUITests.swift in Sources */,
			);
			runOnlyForDeploymentPostprocessing = 0;
		};
/* End PBXSourcesBuildPhase section */

/* Begin PBXTargetDependency section */
		2EEE182A25CAE5EA003926DE /* PBXTargetDependency */ = {
			isa = PBXTargetDependency;
			target = 2EEE180E25CAE5E9003926DE /* GuessTheTeam */;
			targetProxy = 2EEE182925CAE5EA003926DE /* PBXContainerItemProxy */;
		};
		2EEE183525CAE5EA003926DE /* PBXTargetDependency */ = {
			isa = PBXTargetDependency;
			target = 2EEE180E25CAE5E9003926DE /* GuessTheTeam */;
			targetProxy = 2EEE183425CAE5EA003926DE /* PBXContainerItemProxy */;
		};
/* End PBXTargetDependency section */

/* Begin PBXVariantGroup section */
		2EEE182025CAE5EA003926DE /* LaunchScreen.storyboard */ = {
			isa = PBXVariantGroup;
			children = (
				2EEE182125CAE5EA003926DE /* Base */,
			);
			name = LaunchScreen.storyboard;
			sourceTree = "<group>";
		};
/* End PBXVariantGroup section */

/* Begin XCBuildConfiguration section */
		2EEE183A25CAE5EA003926DE /* Debug */ = {
			isa = XCBuildConfiguration;
			buildSettings = {
				ALWAYS_SEARCH_USER_PATHS = NO;
				CLANG_ANALYZER_NONNULL = YES;
				CLANG_ANALYZER_NUMBER_OBJECT_CONVERSION = YES_AGGRESSIVE;
				CLANG_CXX_LANGUAGE_STANDARD = "gnu++14";
				CLANG_CXX_LIBRARY = "libc++";
				CLANG_ENABLE_MODULES = YES;
				CLANG_ENABLE_OBJC_ARC = YES;
				CLANG_ENABLE_OBJC_WEAK = YES;
				CLANG_WARN_BLOCK_CAPTURE_AUTORELEASING = YES;
				CLANG_WARN_BOOL_CONVERSION = YES;
				CLANG_WARN_COMMA = YES;
				CLANG_WARN_CONSTANT_CONVERSION = YES;
				CLANG_WARN_DEPRECATED_OBJC_IMPLEMENTATIONS = YES;
				CLANG_WARN_DIRECT_OBJC_ISA_USAGE = YES_ERROR;
				CLANG_WARN_DOCUMENTATION_COMMENTS = YES;
				CLANG_WARN_EMPTY_BODY = YES;
				CLANG_WARN_ENUM_CONVERSION = YES;
				CLANG_WARN_INFINITE_RECURSION = YES;
				CLANG_WARN_INT_CONVERSION = YES;
				CLANG_WARN_NON_LITERAL_NULL_CONVERSION = YES;
				CLANG_WARN_OBJC_IMPLICIT_RETAIN_SELF = YES;
				CLANG_WARN_OBJC_LITERAL_CONVERSION = YES;
				CLANG_WARN_OBJC_ROOT_CLASS = YES_ERROR;
				CLANG_WARN_QUOTED_INCLUDE_IN_FRAMEWORK_HEADER = YES;
				CLANG_WARN_RANGE_LOOP_ANALYSIS = YES;
				CLANG_WARN_STRICT_PROTOTYPES = YES;
				CLANG_WARN_SUSPICIOUS_MOVE = YES;
				CLANG_WARN_UNGUARDED_AVAILABILITY = YES_AGGRESSIVE;
				CLANG_WARN_UNREACHABLE_CODE = YES;
				CLANG_WARN__DUPLICATE_METHOD_MATCH = YES;
				COPY_PHASE_STRIP = NO;
				DEBUG_INFORMATION_FORMAT = dwarf;
				ENABLE_STRICT_OBJC_MSGSEND = YES;
				ENABLE_TESTABILITY = YES;
				GCC_C_LANGUAGE_STANDARD = gnu11;
				GCC_DYNAMIC_NO_PIC = NO;
				GCC_NO_COMMON_BLOCKS = YES;
				GCC_OPTIMIZATION_LEVEL = 0;
				GCC_PREPROCESSOR_DEFINITIONS = (
					"DEBUG=1",
					"$(inherited)",
				);
				GCC_WARN_64_TO_32_BIT_CONVERSION = YES;
				GCC_WARN_ABOUT_RETURN_TYPE = YES_ERROR;
				GCC_WARN_UNDECLARED_SELECTOR = YES;
				GCC_WARN_UNINITIALIZED_AUTOS = YES_AGGRESSIVE;
				GCC_WARN_UNUSED_FUNCTION = YES;
				GCC_WARN_UNUSED_VARIABLE = YES;
				IPHONEOS_DEPLOYMENT_TARGET = 14.4;
				MTL_ENABLE_DEBUG_INFO = INCLUDE_SOURCE;
				MTL_FAST_MATH = YES;
				ONLY_ACTIVE_ARCH = YES;
				SDKROOT = iphoneos;
				SWIFT_ACTIVE_COMPILATION_CONDITIONS = DEBUG;
				SWIFT_OPTIMIZATION_LEVEL = "-Onone";
			};
			name = Debug;
		};
		2EEE183B25CAE5EA003926DE /* Release */ = {
			isa = XCBuildConfiguration;
			buildSettings = {
				ALWAYS_SEARCH_USER_PATHS = NO;
				CLANG_ANALYZER_NONNULL = YES;
				CLANG_ANALYZER_NUMBER_OBJECT_CONVERSION = YES_AGGRESSIVE;
				CLANG_CXX_LANGUAGE_STANDARD = "gnu++14";
				CLANG_CXX_LIBRARY = "libc++";
				CLANG_ENABLE_MODULES = YES;
				CLANG_ENABLE_OBJC_ARC = YES;
				CLANG_ENABLE_OBJC_WEAK = YES;
				CLANG_WARN_BLOCK_CAPTURE_AUTORELEASING = YES;
				CLANG_WARN_BOOL_CONVERSION = YES;
				CLANG_WARN_COMMA = YES;
				CLANG_WARN_CONSTANT_CONVERSION = YES;
				CLANG_WARN_DEPRECATED_OBJC_IMPLEMENTATIONS = YES;
				CLANG_WARN_DIRECT_OBJC_ISA_USAGE = YES_ERROR;
				CLANG_WARN_DOCUMENTATION_COMMENTS = YES;
				CLANG_WARN_EMPTY_BODY = YES;
				CLANG_WARN_ENUM_CONVERSION = YES;
				CLANG_WARN_INFINITE_RECURSION = YES;
				CLANG_WARN_INT_CONVERSION = YES;
				CLANG_WARN_NON_LITERAL_NULL_CONVERSION = YES;
				CLANG_WARN_OBJC_IMPLICIT_RETAIN_SELF = YES;
				CLANG_WARN_OBJC_LITERAL_CONVERSION = YES;
				CLANG_WARN_OBJC_ROOT_CLASS = YES_ERROR;
				CLANG_WARN_QUOTED_INCLUDE_IN_FRAMEWORK_HEADER = YES;
				CLANG_WARN_RANGE_LOOP_ANALYSIS = YES;
				CLANG_WARN_STRICT_PROTOTYPES = YES;
				CLANG_WARN_SUSPICIOUS_MOVE = YES;
				CLANG_WARN_UNGUARDED_AVAILABILITY = YES_AGGRESSIVE;
				CLANG_WARN_UNREACHABLE_CODE = YES;
				CLANG_WARN__DUPLICATE_METHOD_MATCH = YES;
				COPY_PHASE_STRIP = NO;
				DEBUG_INFORMATION_FORMAT = "dwarf-with-dsym";
				ENABLE_NS_ASSERTIONS = NO;
				ENABLE_STRICT_OBJC_MSGSEND = YES;
				GCC_C_LANGUAGE_STANDARD = gnu11;
				GCC_NO_COMMON_BLOCKS = YES;
				GCC_WARN_64_TO_32_BIT_CONVERSION = YES;
				GCC_WARN_ABOUT_RETURN_TYPE = YES_ERROR;
				GCC_WARN_UNDECLARED_SELECTOR = YES;
				GCC_WARN_UNINITIALIZED_AUTOS = YES_AGGRESSIVE;
				GCC_WARN_UNUSED_FUNCTION = YES;
				GCC_WARN_UNUSED_VARIABLE = YES;
				IPHONEOS_DEPLOYMENT_TARGET = 14.4;
				MTL_ENABLE_DEBUG_INFO = NO;
				MTL_FAST_MATH = YES;
				SDKROOT = iphoneos;
				SWIFT_COMPILATION_MODE = wholemodule;
				SWIFT_OPTIMIZATION_LEVEL = "-O";
				VALIDATE_PRODUCT = YES;
			};
			name = Release;
		};
		2EEE183D25CAE5EA003926DE /* Debug */ = {
			isa = XCBuildConfiguration;
			buildSettings = {
				ASSETCATALOG_COMPILER_APPICON_NAME = AppIcon;
				ASSETCATALOG_COMPILER_GLOBAL_ACCENT_COLOR_NAME = AccentColor;
				CODE_SIGN_STYLE = Automatic;
				DEVELOPMENT_TEAM = P3PDP2RPN7;
				INFOPLIST_FILE = GuessTheTeam/Info.plist;
				LD_RUNPATH_SEARCH_PATHS = (
					"$(inherited)",
					"@executable_path/Frameworks",
				);
				PRODUCT_BUNDLE_IDENTIFIER = eduardoliveira.GuessTheTeam;
				PRODUCT_NAME = "$(TARGET_NAME)";
				SWIFT_VERSION = 5.0;
				TARGETED_DEVICE_FAMILY = "1,2";
			};
			name = Debug;
		};
		2EEE183E25CAE5EA003926DE /* Release */ = {
			isa = XCBuildConfiguration;
			buildSettings = {
				ASSETCATALOG_COMPILER_APPICON_NAME = AppIcon;
				ASSETCATALOG_COMPILER_GLOBAL_ACCENT_COLOR_NAME = AccentColor;
				CODE_SIGN_STYLE = Automatic;
				DEVELOPMENT_TEAM = P3PDP2RPN7;
				INFOPLIST_FILE = GuessTheTeam/Info.plist;
				LD_RUNPATH_SEARCH_PATHS = (
					"$(inherited)",
					"@executable_path/Frameworks",
				);
				PRODUCT_BUNDLE_IDENTIFIER = eduardoliveira.GuessTheTeam;
				PRODUCT_NAME = "$(TARGET_NAME)";
				SWIFT_VERSION = 5.0;
				TARGETED_DEVICE_FAMILY = "1,2";
			};
			name = Release;
		};
		2EEE184025CAE5EA003926DE /* Debug */ = {
			isa = XCBuildConfiguration;
			buildSettings = {
				ALWAYS_EMBED_SWIFT_STANDARD_LIBRARIES = YES;
				BUNDLE_LOADER = "$(TEST_HOST)";
				CODE_SIGN_STYLE = Automatic;
				DEVELOPMENT_TEAM = P3PDP2RPN7;
				INFOPLIST_FILE = GuessTheTeamTests/Info.plist;
				IPHONEOS_DEPLOYMENT_TARGET = 14.4;
				LD_RUNPATH_SEARCH_PATHS = (
					"$(inherited)",
					"@executable_path/Frameworks",
					"@loader_path/Frameworks",
				);
				PRODUCT_BUNDLE_IDENTIFIER = eduardoliveira.GuessTheTeamTests;
				PRODUCT_NAME = "$(TARGET_NAME)";
				SWIFT_VERSION = 5.0;
				TARGETED_DEVICE_FAMILY = "1,2";
				TEST_HOST = "$(BUILT_PRODUCTS_DIR)/GuessTheTeam.app/GuessTheTeam";
			};
			name = Debug;
		};
		2EEE184125CAE5EA003926DE /* Release */ = {
			isa = XCBuildConfiguration;
			buildSettings = {
				ALWAYS_EMBED_SWIFT_STANDARD_LIBRARIES = YES;
				BUNDLE_LOADER = "$(TEST_HOST)";
				CODE_SIGN_STYLE = Automatic;
				DEVELOPMENT_TEAM = P3PDP2RPN7;
				INFOPLIST_FILE = GuessTheTeamTests/Info.plist;
				IPHONEOS_DEPLOYMENT_TARGET = 14.4;
				LD_RUNPATH_SEARCH_PATHS = (
					"$(inherited)",
					"@executable_path/Frameworks",
					"@loader_path/Frameworks",
				);
				PRODUCT_BUNDLE_IDENTIFIER = eduardoliveira.GuessTheTeamTests;
				PRODUCT_NAME = "$(TARGET_NAME)";
				SWIFT_VERSION = 5.0;
				TARGETED_DEVICE_FAMILY = "1,2";
				TEST_HOST = "$(BUILT_PRODUCTS_DIR)/GuessTheTeam.app/GuessTheTeam";
			};
			name = Release;
		};
		2EEE184325CAE5EA003926DE /* Debug */ = {
			isa = XCBuildConfiguration;
			buildSettings = {
				ALWAYS_EMBED_SWIFT_STANDARD_LIBRARIES = YES;
				CODE_SIGN_STYLE = Automatic;
				DEVELOPMENT_TEAM = P3PDP2RPN7;
				INFOPLIST_FILE = GuessTheTeamUITests/Info.plist;
				LD_RUNPATH_SEARCH_PATHS = (
					"$(inherited)",
					"@executable_path/Frameworks",
					"@loader_path/Frameworks",
				);
				PRODUCT_BUNDLE_IDENTIFIER = eduardoliveira.GuessTheTeamUITests;
				PRODUCT_NAME = "$(TARGET_NAME)";
				SWIFT_VERSION = 5.0;
				TARGETED_DEVICE_FAMILY = "1,2";
				TEST_TARGET_NAME = GuessTheTeam;
			};
			name = Debug;
		};
		2EEE184425CAE5EA003926DE /* Release */ = {
			isa = XCBuildConfiguration;
			buildSettings = {
				ALWAYS_EMBED_SWIFT_STANDARD_LIBRARIES = YES;
				CODE_SIGN_STYLE = Automatic;
				DEVELOPMENT_TEAM = P3PDP2RPN7;
				INFOPLIST_FILE = GuessTheTeamUITests/Info.plist;
				LD_RUNPATH_SEARCH_PATHS = (
					"$(inherited)",
					"@executable_path/Frameworks",
					"@loader_path/Frameworks",
				);
				PRODUCT_BUNDLE_IDENTIFIER = eduardoliveira.GuessTheTeamUITests;
				PRODUCT_NAME = "$(TARGET_NAME)";
				SWIFT_VERSION = 5.0;
				TARGETED_DEVICE_FAMILY = "1,2";
				TEST_TARGET_NAME = GuessTheTeam;
			};
			name = Release;
		};
/* End XCBuildConfiguration section */

/* Begin XCConfigurationList section */
		2EEE180A25CAE5E9003926DE /* Build configuration list for PBXProject "GuessTheTeam" */ = {
			isa = XCConfigurationList;
			buildConfigurations = (
				2EEE183A25CAE5EA003926DE /* Debug */,
				2EEE183B25CAE5EA003926DE /* Release */,
			);
			defaultConfigurationIsVisible = 0;
			defaultConfigurationName = Release;
		};
		2EEE183C25CAE5EA003926DE /* Build configuration list for PBXNativeTarget "GuessTheTeam" */ = {
			isa = XCConfigurationList;
			buildConfigurations = (
				2EEE183D25CAE5EA003926DE /* Debug */,
				2EEE183E25CAE5EA003926DE /* Release */,
			);
			defaultConfigurationIsVisible = 0;
			defaultConfigurationName = Release;
		};
		2EEE183F25CAE5EA003926DE /* Build configuration list for PBXNativeTarget "GuessTheTeamTests" */ = {
			isa = XCConfigurationList;
			buildConfigurations = (
				2EEE184025CAE5EA003926DE /* Debug */,
				2EEE184125CAE5EA003926DE /* Release */,
			);
			defaultConfigurationIsVisible = 0;
			defaultConfigurationName = Release;
		};
		2EEE184225CAE5EA003926DE /* Build configuration list for PBXNativeTarget "GuessTheTeamUITests" */ = {
			isa = XCConfigurationList;
			buildConfigurations = (
				2EEE184325CAE5EA003926DE /* Debug */,
				2EEE184425CAE5EA003926DE /* Release */,
			);
			defaultConfigurationIsVisible = 0;
			defaultConfigurationName = Release;
		};
/* End XCConfigurationList section */

/* Begin XCVersionGroup section */
		2EEE181B25CAE5E9003926DE /* GuessTheTeam.xcdatamodeld */ = {
			isa = XCVersionGroup;
			children = (
				2EEE181C25CAE5E9003926DE /* GuessTheTeam.xcdatamodel */,
			);
			currentVersion = 2EEE181C25CAE5E9003926DE /* GuessTheTeam.xcdatamodel */;
			path = GuessTheTeam.xcdatamodeld;
			sourceTree = "<group>";
			versionGroupType = wrapper.xcdatamodel;
		};
/* End XCVersionGroup section */
	};
	rootObject = 2EEE180725CAE5E9003926DE /* Project object */;
}
